Microsoft Visual Studio Solution File, Format Version 11.00
# Visual Studio 2008

Project("{71A39DA1-17AE-4AA7-11BE-6BF9E0273D34}") = "GameTutorial", "Assembly-CSharp-vs.csproj", "{03B3332A-094E-386D-B63A-642C2FAAC289}"
EndProject
Project("{71A39DA1-17AE-4AA7-11BE-6BF9E0273D34}") = "GameTutorial", "Assembly-CSharp-Editor-vs.csproj", "{9DAD68F3-4B4A-776A-857A-12D941F9F728}"
EndProject
Global
	GlobalSection(SolutionConfigurationPlatforms) = preSolution
		Debug|Any CPU = Debug|Any CPU
		Release|Any CPU = Release|Any CPU
	EndGlobalSection
	GlobalSection(ProjectConfigurationPlatforms) = postSolution
		{03B3332A-094E-386D-B63A-642C2FAAC289}.Debug|Any CPU.ActiveCfg = Debug|Any CPU
		{03B3332A-094E-386D-B63A-642C2FAAC289}.Debug|Any CPU.Build.0 = Debug|Any CPU
		{03B3332A-094E-386D-B63A-642C2FAAC289}.Release|Any CPU.ActiveCfg = Release|Any CPU
		{03B3332A-094E-386D-B63A-642C2FAAC289}.Release|Any CPU.Build.0 = Release|Any CPU
		{9DAD68F3-4B4A-776A-857A-12D941F9F728}.Debug|Any CPU.ActiveCfg = Debug|Any CPU
		{9DAD68F3-4B4A-776A-857A-12D941F9F728}.Debug|Any CPU.Build.0 = Debug|Any CPU
		{9DAD68F3-4B4A-776A-857A-12D941F9F728}.Release|Any CPU.ActiveCfg = Release|Any CPU
		{9DAD68F3-4B4A-776A-857A-12D941F9F728}.Release|Any CPU.Build.0 = Release|Any CPU
	EndGlobalSection
	GlobalSection(SolutionProperties) = preSolution
		HideSolutionNode = FALSE
	EndGlobalSection
																																																																																																									GlobalSection(MonoDevelopProperties) = preSolution
		StartupItem = Assembly-CSharp.csproj
		Policies = $0
		$0.TextStylePolicy = $1
		$1.inheritsSet = null
		$1.scope = text/x-csharp
		$0.CSharpFormattingPolicy = $2
		$2.inheritsSet = Mono
		$2.inheritsScope = text/x-csharp
		$2.scope = text/x-csharp
		$0.TextStylePolicy = $3
		$3.FileWidth = 120
		$3.TabWidth = 4
		$3.EolMarker = Unix
		$3.inheritsSet = Mono
		$3.inheritsScope = text/plain
		$3.scope = text/plain
	EndGlobalSection

EndGlobal
